Microsoft Visual Studio Solution File, Format Version 12.00
# Visual Studio 14
VisualStudioVersion = 14.0.24720.0
MinimumVisualStudioVersion = 10.0.40219.1
Project("{2150E333-8FDC-42A3-9474-1A3956D46DE8}") = "Solution Items", "Solution Items", "{D3102504-86BC-439B-BA79-D5C6E41CE975}"
	ProjectSection(SolutionItems) = preProject
		Makefile = Makefile
	EndProjectSection
EndProject
Project("{8BC9CEB8-8B4A-11D0-8D11-00A0C91BC942}") = "value", "value\value.vcxproj", "{DB4CF95F-CE50-4B1E-A9E8-B94CBD4C7B59}"
EndProject
Project("{8BC9CEB8-8B4A-11D0-8D11-00A0C91BC942}") = "avakar_packet", "avakar_packet\avakar_packet.vcxproj", "{729E2AA7-8AC3-4C32-8002-18978FB13984}"
EndProject
Project("{8BC9CEB8-8B4A-11D0-8D11-00A0C91BC942}") = "packet", "packet\packet.vcxproj", "{D535A14D-3725-4021-AED1-64FFBA24EA3C}"
EndProject
Global
	GlobalSection(SolutionConfigurationPlatforms) = preSolution
		Debug|x64 = Debug|x64
		Debug|x86 = Debug|x86
		Release|x64 = Release|x64
		Release|x86 = Release|x86
	EndGlobalSection
	GlobalSection(ProjectConfigurationPlatforms) = postSolution
		{DB4CF95F-CE50-4B1E-A9E8-B94CBD4C7B59}.Debug|x64.ActiveCfg = Debug|x64
		{DB4CF95F-CE50-4B1E-A9E8-B94CBD4C7B59}.Debug|x64.Build.0 = Debug|x64
		{DB4CF95F-CE50-4B1E-A9E8-B94CBD4C7B59}.Debug|x86.ActiveCfg = Debug|Win32
		{DB4CF95F-CE50-4B1E-A9E8-B94CBD4C7B59}.Debug|x86.Build.0 = Debug|Win32
		{DB4CF95F-CE50-4B1E-A9E8-B94CBD4C7B59}.Release|x64.ActiveCfg = Release|x64
		{DB4CF95F-CE50-4B1E-A9E8-B94CBD4C7B59}.Release|x64.Build.0 = Release|x64
		{DB4CF95F-CE50-4B1E-A9E8-B94CBD4C7B59}.Release|x86.ActiveCfg = Release|Win32
		{DB4CF95F-CE50-4B1E-A9E8-B94CBD4C7B59}.Release|x86.Build.0 = Release|Win32
		{729E2AA7-8AC3-4C32-8002-18978FB13984}.Debug|x64.ActiveCfg = Debug|x64
		{729E2AA7-8AC3-4C32-8002-18978FB13984}.Debug|x64.Build.0 = Debug|x64
		{729E2AA7-8AC3-4C32-8002-18978FB13984}.Debug|x86.ActiveCfg = Debug|Win32
		{729E2AA7-8AC3-4C32-8002-18978FB13984}.Debug|x86.Build.0 = Debug|Win32
		{729E2AA7-8AC3-4C32-8002-18978FB13984}.Release|x64.ActiveCfg = Release|x64
		{729E2AA7-8AC3-4C32-8002-18978FB13984}.Release|x64.Build.0 = Release|x64
		{729E2AA7-8AC3-4C32-8002-18978FB13984}.Release|x86.ActiveCfg = Release|Win32
		{729E2AA7-8AC3-4C32-8002-18978FB13984}.Release|x86.Build.0 = Release|Win32
		{D535A14D-3725-4021-AED1-64FFBA24EA3C}.Debug|x64.ActiveCfg = Debug|x64
		{D535A14D-3725-4021-AED1-64FFBA24EA3C}.Debug|x64.Build.0 = Debug|x64
		{D535A14D-3725-4021-AED1-64FFBA24EA3C}.Debug|x86.ActiveCfg = Debug|Win32
		{D535A14D-3725-4021-AED1-64FFBA24EA3C}.Debug|x86.Build.0 = Debug|Win32
		{D535A14D-3725-4021-AED1-64FFBA24EA3C}.Release|x64.ActiveCfg = Release|x64
		{D535A14D-3725-4021-AED1-64FFBA24EA3C}.Release|x64.Build.0 = Release|x64
		{D535A14D-3725-4021-AED1-64FFBA24EA3C}.Release|x86.ActiveCfg = Release|Win32
		{D535A14D-3725-4021-AED1-64FFBA24EA3C}.Release|x86.Build.0 = Release|Win32
	EndGlobalSection
	GlobalSection(SolutionProperties) = preSolution
		HideSolutionNode = FALSE
	EndGlobalSection
	GlobalSection(NestedProjects) = preSolution
		{DB4CF95F-CE50-4B1E-A9E8-B94CBD4C7B59} = {D3102504-86BC-439B-BA79-D5C6E41CE975}
		{729E2AA7-8AC3-4C32-8002-18978FB13984} = {D3102504-86BC-439B-BA79-D5C6E41CE975}
		{D535A14D-3725-4021-AED1-64FFBA24EA3C} = {D3102504-86BC-439B-BA79-D5C6E41CE975}
	EndGlobalSection
EndGlobal
